# THIS IS AN AUTOGENERATED FILE. DO NOT EDIT THIS FILE DIRECTLY.
# yarn lockfile v1


lodash@^4.17.20:
  version "4.17.20"
  resolved "https://registry.yarnpkg.com/lodash/-/lodash-4.17.20.tgz#b44a9b6297bcb698f1c51a3545a2b3b368d59c52"
  integrity sha512-PlhdFcillOINfeV7Ni6oF1TAEayyZBoZ8bcshTHqOYJYlrqzRK5hagpagky5o4HfCzzd1TRkXPMFq6cKk9rGmA==

node-fetch@^2.6.1:
  version "2.6.1"
  resolved "https://registry.yarnpkg.com/node-fetch/-/node-fetch-2.6.1.tgz#045bd323631f76ed2e2b55573394416b639a0052"
  integrity sha512-V4aYg89jEoVRxRb2fJdAg8FHvI7cEyYdVAh94HH0UIK8oJxUfkjlDQN9RbMx+bEjP7+ggMiFRprSti032Oipxw==

tidalapi-ts@^2.0.0:
  version "2.0.0"
  resolved "https://registry.yarnpkg.com/tidalapi-ts/-/tidalapi-ts-2.0.0.tgz#0f5ccf34118482fef18f9ec3f0db1c325da91d64"
  integrity sha512-Pgrt7P2YXXgNsW8TT4tX/6r6U8NyX6pYLsGmFPeG42yNft9D9q+ZKwPqFbdQOu34MESmXAVR5MH5T9AXd6MEWw==
  dependencies:
    lodash "^4.17.20"
    node-fetch "^2.6.1"
